github.com/dremond71/golangdependencyexampleone v1.0.0 h1:0B6vDooK0PAgLXTWco0bx0D+avrs0EIfxN9P4ris3iY=
github.com/dremond71/golangdependencyexampleone v1.0.0/go.mod h1:a2pyqFREhTopr3j5FmCiM7M2sxQNroWn+Omx5Vc+xGA=
github.com/dremond71/golangdependencyexampletwo v1.0.0 h1:4OlEJkL/OkDMDvm0zGN0G/a8yKgUWv9dnTt4kgABTqI=
github.com/dremond71/golangdependencyexampletwo v1.0.0/go.mod h1:xP5ktQwXZD9dVVJUDL6RYM7tvlMGtLcSOtqkvumC6BY=
