github.com/dremond71/golangdependencyexampleone v1.1.0 h1:ChI9VSoERfGdEt96cwv0OaA7/jeA9IystrH1KL02aaU=
github.com/dremond71/golangdependencyexampleone v1.1.0/go.mod h1:a2pyqFREhTopr3j5FmCiM7M2sxQNroWn+Omx5Vc+xGA=
github.com/dremond71/golangdependencyexampletwo v1.1.0 h1:drhw5cF1hfXhcQnGqD/NOaHS2TuTEm4h0nIKu7WDnuQ=
github.com/dremond71/golangdependencyexampletwo v1.1.0/go.mod h1:xmrWJAmbQ+bg8DgmfqzBgDlb2IwlV9BhH9MKQmGHQQU=
